
Microsoft Visual Studio Solution File, Format Version 12.00
# Visual Studio Version 17
VisualStudioVersion = 17.1.31911.260
MinimumVisualStudioVersion = 10.0.40219.1
Project("{6EC3EE1D-3C4E-46DD-8F32-0CC8E7565705}") = "Day1", "Day1\Day1.fsproj", "{9C7F47BD-A1CA-4C53-93C2-E803F5AEA778}"
EndProject
Project("{6EC3EE1D-3C4E-46DD-8F32-0CC8E7565705}") = "Day2", "Day2\Day2.fsproj", "{96753EA9-C24A-468E-95EA-0A4D3113CD6D}"
EndProject
Project("{6EC3EE1D-3C4E-46DD-8F32-0CC8E7565705}") = "Day3", "Day3\Day3.fsproj", "{57977F5D-7DC9-440F-8471-64A9E4830693}"
EndProject
Project("{6EC3EE1D-3C4E-46DD-8F32-0CC8E7565705}") = "Day4", "Day4\Day4.fsproj", "{0AC13BF2-8D22-4726-BB79-ECBCE0B5F6F0}"
EndProject
Project("{FAE04EC0-301F-11D3-BF4B-00C04F79EFBC}") = "Day4CS", "Day4CS\Day4CS.csproj", "{69B9B68E-562D-4BB2-B8F2-4E16BEAE146E}"
EndProject
Project("{FAE04EC0-301F-11D3-BF4B-00C04F79EFBC}") = "Utils", "Utils\Utils.csproj", "{2062D359-34B5-4B93-BD6F-B3551D09A75A}"
EndProject
Project("{2150E333-8FDC-42A3-9474-1A3956D46DE8}") = "Solution Items", "Solution Items", "{9C774775-0571-410C-B081-71518E8E0BB2}"
	ProjectSection(SolutionItems) = preProject
		.editorconfig = .editorconfig
	EndProjectSection
EndProject
Global
	GlobalSection(SolutionConfigurationPlatforms) = preSolution
		Debug|Any CPU = Debug|Any CPU
		Release|Any CPU = Release|Any CPU
	EndGlobalSection
	GlobalSection(ProjectConfigurationPlatforms) = postSolution
		{9C7F47BD-A1CA-4C53-93C2-E803F5AEA778}.Debug|Any CPU.ActiveCfg = Debug|Any CPU
		{9C7F47BD-A1CA-4C53-93C2-E803F5AEA778}.Debug|Any CPU.Build.0 = Debug|Any CPU
		{9C7F47BD-A1CA-4C53-93C2-E803F5AEA778}.Release|Any CPU.ActiveCfg = Release|Any CPU
		{9C7F47BD-A1CA-4C53-93C2-E803F5AEA778}.Release|Any CPU.Build.0 = Release|Any CPU
		{96753EA9-C24A-468E-95EA-0A4D3113CD6D}.Debug|Any CPU.ActiveCfg = Debug|Any CPU
		{96753EA9-C24A-468E-95EA-0A4D3113CD6D}.Debug|Any CPU.Build.0 = Debug|Any CPU
		{96753EA9-C24A-468E-95EA-0A4D3113CD6D}.Release|Any CPU.ActiveCfg = Release|Any CPU
		{96753EA9-C24A-468E-95EA-0A4D3113CD6D}.Release|Any CPU.Build.0 = Release|Any CPU
		{57977F5D-7DC9-440F-8471-64A9E4830693}.Debug|Any CPU.ActiveCfg = Debug|Any CPU
		{57977F5D-7DC9-440F-8471-64A9E4830693}.Debug|Any CPU.Build.0 = Debug|Any CPU
		{57977F5D-7DC9-440F-8471-64A9E4830693}.Release|Any CPU.ActiveCfg = Release|Any CPU
		{57977F5D-7DC9-440F-8471-64A9E4830693}.Release|Any CPU.Build.0 = Release|Any CPU
		{0AC13BF2-8D22-4726-BB79-ECBCE0B5F6F0}.Debug|Any CPU.ActiveCfg = Debug|Any CPU
		{0AC13BF2-8D22-4726-BB79-ECBCE0B5F6F0}.Debug|Any CPU.Build.0 = Debug|Any CPU
		{0AC13BF2-8D22-4726-BB79-ECBCE0B5F6F0}.Release|Any CPU.ActiveCfg = Release|Any CPU
		{0AC13BF2-8D22-4726-BB79-ECBCE0B5F6F0}.Release|Any CPU.Build.0 = Release|Any CPU
		{69B9B68E-562D-4BB2-B8F2-4E16BEAE146E}.Debug|Any CPU.ActiveCfg = Debug|Any CPU
		{69B9B68E-562D-4BB2-B8F2-4E16BEAE146E}.Debug|Any CPU.Build.0 = Debug|Any CPU
		{69B9B68E-562D-4BB2-B8F2-4E16BEAE146E}.Release|Any CPU.ActiveCfg = Release|Any CPU
		{69B9B68E-562D-4BB2-B8F2-4E16BEAE146E}.Release|Any CPU.Build.0 = Release|Any CPU
		{2062D359-34B5-4B93-BD6F-B3551D09A75A}.Debug|Any CPU.ActiveCfg = Debug|Any CPU
		{2062D359-34B5-4B93-BD6F-B3551D09A75A}.Debug|Any CPU.Build.0 = Debug|Any CPU
		{2062D359-34B5-4B93-BD6F-B3551D09A75A}.Release|Any CPU.ActiveCfg = Release|Any CPU
		{2062D359-34B5-4B93-BD6F-B3551D09A75A}.Release|Any CPU.Build.0 = Release|Any CPU
	EndGlobalSection
	GlobalSection(SolutionProperties) = preSolution
		HideSolutionNode = FALSE
	EndGlobalSection
	GlobalSection(ExtensibilityGlobals) = postSolution
		SolutionGuid = {E73F6DFC-AE11-4B0F-B7EE-A1B8F8FAE6C1}
	EndGlobalSection
EndGlobal
